
Microsoft Visual Studio Solution File, Format Version 12.00
# Visual Studio Version 17
VisualStudioVersion = 17.3.32825.248
MinimumVisualStudioVersion = 10.0.40219.1
Project("{8BC9CEB8-8B4A-11D0-8D11-00A0C91BC942}") = "pr10", "pr10.vcxproj", "{F178B5ED-6A28-44EB-A23D-CEF24DD78F84}"
EndProject
Project("{8BC9CEB8-8B4A-11D0-8D11-00A0C91BC942}") = "pr10_2", "..\pr10_2\pr10_2.vcxproj", "{EE81BE43-8B68-4322-9709-814E81F22DE6}"
EndProject
Global
	GlobalSection(SolutionConfigurationPlatforms) = preSolution
		Debug|x64 = Debug|x64
		Debug|x86 = Debug|x86
		Release|x64 = Release|x64
		Release|x86 = Release|x86
	EndGlobalSection
	GlobalSection(ProjectConfigurationPlatforms) = postSolution
		{F178B5ED-6A28-44EB-A23D-CEF24DD78F84}.Debug|x64.ActiveCfg = Debug|x64
		{F178B5ED-6A28-44EB-A23D-CEF24DD78F84}.Debug|x64.Build.0 = Debug|x64
		{F178B5ED-6A28-44EB-A23D-CEF24DD78F84}.Debug|x86.ActiveCfg = Debug|Win32
		{F178B5ED-6A28-44EB-A23D-CEF24DD78F84}.Debug|x86.Build.0 = Debug|Win32
		{F178B5ED-6A28-44EB-A23D-CEF24DD78F84}.Release|x64.ActiveCfg = Release|x64
		{F178B5ED-6A28-44EB-A23D-CEF24DD78F84}.Release|x64.Build.0 = Release|x64
		{F178B5ED-6A28-44EB-A23D-CEF24DD78F84}.Release|x86.ActiveCfg = Release|Win32
		{F178B5ED-6A28-44EB-A23D-CEF24DD78F84}.Release|x86.Build.0 = Release|Win32
		{EE81BE43-8B68-4322-9709-814E81F22DE6}.Debug|x64.ActiveCfg = Debug|x64
		{EE81BE43-8B68-4322-9709-814E81F22DE6}.Debug|x64.Build.0 = Debug|x64
		{EE81BE43-8B68-4322-9709-814E81F22DE6}.Debug|x86.ActiveCfg = Debug|Win32
		{EE81BE43-8B68-4322-9709-814E81F22DE6}.Debug|x86.Build.0 = Debug|Win32
		{EE81BE43-8B68-4322-9709-814E81F22DE6}.Release|x64.ActiveCfg = Release|x64
		{EE81BE43-8B68-4322-9709-814E81F22DE6}.Release|x64.Build.0 = Release|x64
		{EE81BE43-8B68-4322-9709-814E81F22DE6}.Release|x86.ActiveCfg = Release|Win32
		{EE81BE43-8B68-4322-9709-814E81F22DE6}.Release|x86.Build.0 = Release|Win32
	EndGlobalSection
	GlobalSection(SolutionProperties) = preSolution
		HideSolutionNode = FALSE
	EndGlobalSection
	GlobalSection(ExtensibilityGlobals) = postSolution
		SolutionGuid = {E318D568-FB2B-4446-8EC9-793B9860CE1C}
	EndGlobalSection
EndGlobal
